Microsoft Visual Studio Solution File, Format Version 11.00
# Visual Studio 2008

Project("{5BAC85A0-C611-DDEF-64AB-0DFB383056F4}") = "SPOT", "Assembly-CSharp.csproj", "{A8BD3091-3014-E066-68EF-F16531173D46}"
EndProject
Global
	GlobalSection(SolutionConfigurationPlatforms) = preSolution
		Debug|Any CPU = Debug|Any CPU
		Release|Any CPU = Release|Any CPU
	EndGlobalSection
	GlobalSection(ProjectConfigurationPlatforms) = postSolution
		{A8BD3091-3014-E066-68EF-F16531173D46}.Debug|Any CPU.ActiveCfg = Debug|Any CPU
		{A8BD3091-3014-E066-68EF-F16531173D46}.Debug|Any CPU.Build.0 = Debug|Any CPU
		{A8BD3091-3014-E066-68EF-F16531173D46}.Release|Any CPU.ActiveCfg = Release|Any CPU
		{A8BD3091-3014-E066-68EF-F16531173D46}.Release|Any CPU.Build.0 = Release|Any CPU
	EndGlobalSection
	GlobalSection(SolutionProperties) = preSolution
		HideSolutionNode = FALSE
	EndGlobalSection
	GlobalSection(MonoDevelopProperties) = preSolution
		StartupItem = Assembly-CSharp.csproj
	EndGlobalSection
EndGlobal
